
Microsoft Visual Studio Solution File, Format Version 12.00
# Visual Studio Version 17
VisualStudioVersion = 17.12.35521.163
MinimumVisualStudioVersion = 10.0.40219.1
Project("{2150E333-8FDC-42A3-9474-1A3956D46DE8}") = "Engine", "Engine", "{0DC2D5BC-2DE4-430F-B436-EC750B5FA6C2}"
EndProject
Project("{8BC9CEB8-8B4A-11D0-8D11-00A0C91BC942}") = "TRengine", "Engine\TRengine\TRengine.vcxproj", "{69B942B7-7E71-4AA0-AFEE-737DAA4FC94C}"
EndProject
Project("{2150E333-8FDC-42A3-9474-1A3956D46DE8}") = "Framework", "Framework", "{39C8D546-457F-456D-B85F-FB93347AF03F}"
EndProject
Project("{8BC9CEB8-8B4A-11D0-8D11-00A0C91BC942}") = "Core", "Framework\Core\Core.vcxproj", "{53CB3A61-7D2C-4BE6-8BF5-C35DA284C1D5}"
EndProject
Project("{2150E333-8FDC-42A3-9474-1A3956D46DE8}") = "VGP242", "VGP242", "{9990BCC5-B531-4516-89F2-9A82696BED8E}"
EndProject
Project("{8BC9CEB8-8B4A-11D0-8D11-00A0C91BC942}") = "01_HelloWindow", "VGP242\01_HelloWindow\01_HelloWindow.vcxproj", "{9CA5DDC4-A216-4BAF-AD42-9EBD75C1CF62}"
EndProject
Project("{8BC9CEB8-8B4A-11D0-8D11-00A0C91BC942}") = "Input", "Framework\Input\Input.vcxproj", "{3629F01A-6FED-42EB-B308-E9F7F1346EAF}"
EndProject
Project("{8BC9CEB8-8B4A-11D0-8D11-00A0C91BC942}") = "Graphics", "Framework\Graphics\Graphics.vcxproj", "{37AC85A0-6A8D-4131-A676-B07AC60A363C}"
EndProject
Project("{2150E333-8FDC-42A3-9474-1A3956D46DE8}") = "External", "External", "{876B5A45-6353-49F1-8A6D-7AAFD10708C7}"
EndProject
Project("{8BC9CEB8-8B4A-11D0-8D11-00A0C91BC942}") = "DirectXTK_Desktop_2022", "External\DirectXTK\DirectXTK_Desktop_2022.vcxproj", "{E0B52AE7-E160-4D32-BF3F-910B785E5A8E}"
EndProject
Project("{8BC9CEB8-8B4A-11D0-8D11-00A0C91BC942}") = "Math", "Framework\Math\Math.vcxproj", "{18517A04-DD12-423F-9406-D89B43BBB092}"
EndProject
Project("{8BC9CEB8-8B4A-11D0-8D11-00A0C91BC942}") = "02_HelloShapes", "VGP242\02_HelloShapes\02_HelloShapes.vcxproj", "{75FBBA62-39F5-4DCC-92A1-C75EE73A1F9A}"
EndProject
Project("{2150E333-8FDC-42A3-9474-1A3956D46DE8}") = "Assets", "Assets", "{E35E8C04-4AFC-4753-B69B-67830A80B0D1}"
EndProject
Project("{2150E333-8FDC-42A3-9474-1A3956D46DE8}") = "Shaders", "Shaders", "{17D74C8F-41E4-41F0-A3D6-ACC67C4BA4FC}"
	ProjectSection(SolutionItems) = preProject
		Assets\Shaders\DoColor.fx = Assets\Shaders\DoColor.fx
		Assets\Shaders\DoSomething.fx = Assets\Shaders\DoSomething.fx
		Assets\Shaders\DoTexture.fx = Assets\Shaders\DoTexture.fx
		Assets\Shaders\DoTransform.fx = Assets\Shaders\DoTransform.fx
	EndProjectSection
EndProject
Project("{8BC9CEB8-8B4A-11D0-8D11-00A0C91BC942}") = "03_HelloCube", "VGP242\03_HelloCube\03_HelloCube.vcxproj", "{3C71B384-19CF-4BEF-9298-295103BD93B0}"
EndProject
Project("{8BC9CEB8-8B4A-11D0-8D11-00A0C91BC942}") = "04_HelloMeshBuilder", "VGP242\04_HelloMeshBuilder\04_HelloMeshBuilder.vcxproj", "{1025970E-93FD-4E62-B206-C07A9F28D8EF}"
EndProject
Project("{8BC9CEB8-8B4A-11D0-8D11-00A0C91BC942}") = "05_HelloTexturedMeshBuilder", "VGP242\05_HelloTexturedMeshBuilder\05_HelloTexturedMeshBuilder.vcxproj", "{1D7FE4F5-84CA-4C60-B1FC-EC52B85A3852}"
EndProject
Project("{8BC9CEB8-8B4A-11D0-8D11-00A0C91BC942}") = "ImGui", "External\ImGui\ImGui.vcxproj", "{52D656A2-A2F4-4C54-A3C7-653427BED1E8}"
EndProject
Project("{8BC9CEB8-8B4A-11D0-8D11-00A0C91BC942}") = "06_HelloDebug", "VGP242\06_HelloDebug\06_HelloDebug.vcxproj", "{73DEDAAD-D8E4-4D21-8674-56571646DFE0}"
EndProject
Global
	GlobalSection(SolutionConfigurationPlatforms) = preSolution
		Debug|x64 = Debug|x64
		Debug|x86 = Debug|x86
		Release|x64 = Release|x64
		Release|x86 = Release|x86
	EndGlobalSection
	GlobalSection(ProjectConfigurationPlatforms) = postSolution
		{69B942B7-7E71-4AA0-AFEE-737DAA4FC94C}.Debug|x64.ActiveCfg = Debug|x64
		{69B942B7-7E71-4AA0-AFEE-737DAA4FC94C}.Debug|x64.Build.0 = Debug|x64
		{69B942B7-7E71-4AA0-AFEE-737DAA4FC94C}.Debug|x86.ActiveCfg = Debug|Win32
		{69B942B7-7E71-4AA0-AFEE-737DAA4FC94C}.Debug|x86.Build.0 = Debug|Win32
		{69B942B7-7E71-4AA0-AFEE-737DAA4FC94C}.Release|x64.ActiveCfg = Release|x64
		{69B942B7-7E71-4AA0-AFEE-737DAA4FC94C}.Release|x64.Build.0 = Release|x64
		{69B942B7-7E71-4AA0-AFEE-737DAA4FC94C}.Release|x86.ActiveCfg = Release|Win32
		{69B942B7-7E71-4AA0-AFEE-737DAA4FC94C}.Release|x86.Build.0 = Release|Win32
		{53CB3A61-7D2C-4BE6-8BF5-C35DA284C1D5}.Debug|x64.ActiveCfg = Debug|x64
		{53CB3A61-7D2C-4BE6-8BF5-C35DA284C1D5}.Debug|x64.Build.0 = Debug|x64
		{53CB3A61-7D2C-4BE6-8BF5-C35DA284C1D5}.Debug|x86.ActiveCfg = Debug|Win32
		{53CB3A61-7D2C-4BE6-8BF5-C35DA284C1D5}.Debug|x86.Build.0 = Debug|Win32
		{53CB3A61-7D2C-4BE6-8BF5-C35DA284C1D5}.Release|x64.ActiveCfg = Release|x64
		{53CB3A61-7D2C-4BE6-8BF5-C35DA284C1D5}.Release|x64.Build.0 = Release|x64
		{53CB3A61-7D2C-4BE6-8BF5-C35DA284C1D5}.Release|x86.ActiveCfg = Release|Win32
		{53CB3A61-7D2C-4BE6-8BF5-C35DA284C1D5}.Release|x86.Build.0 = Release|Win32
		{9CA5DDC4-A216-4BAF-AD42-9EBD75C1CF62}.Debug|x64.ActiveCfg = Debug|x64
		{9CA5DDC4-A216-4BAF-AD42-9EBD75C1CF62}.Debug|x64.Build.0 = Debug|x64
		{9CA5DDC4-A216-4BAF-AD42-9EBD75C1CF62}.Debug|x86.ActiveCfg = Debug|Win32
		{9CA5DDC4-A216-4BAF-AD42-9EBD75C1CF62}.Debug|x86.Build.0 = Debug|Win32
		{9CA5DDC4-A216-4BAF-AD42-9EBD75C1CF62}.Release|x64.ActiveCfg = Release|x64
		{9CA5DDC4-A216-4BAF-AD42-9EBD75C1CF62}.Release|x64.Build.0 = Release|x64
		{9CA5DDC4-A216-4BAF-AD42-9EBD75C1CF62}.Release|x86.ActiveCfg = Release|Win32
		{9CA5DDC4-A216-4BAF-AD42-9EBD75C1CF62}.Release|x86.Build.0 = Release|Win32
		{3629F01A-6FED-42EB-B308-E9F7F1346EAF}.Debug|x64.ActiveCfg = Debug|x64
		{3629F01A-6FED-42EB-B308-E9F7F1346EAF}.Debug|x64.Build.0 = Debug|x64
		{3629F01A-6FED-42EB-B308-E9F7F1346EAF}.Debug|x86.ActiveCfg = Debug|Win32
		{3629F01A-6FED-42EB-B308-E9F7F1346EAF}.Debug|x86.Build.0 = Debug|Win32
		{3629F01A-6FED-42EB-B308-E9F7F1346EAF}.Release|x64.ActiveCfg = Release|x64
		{3629F01A-6FED-42EB-B308-E9F7F1346EAF}.Release|x64.Build.0 = Release|x64
		{3629F01A-6FED-42EB-B308-E9F7F1346EAF}.Release|x86.ActiveCfg = Release|Win32
		{3629F01A-6FED-42EB-B308-E9F7F1346EAF}.Release|x86.Build.0 = Release|Win32
		{37AC85A0-6A8D-4131-A676-B07AC60A363C}.Debug|x64.ActiveCfg = Debug|x64
		{37AC85A0-6A8D-4131-A676-B07AC60A363C}.Debug|x64.Build.0 = Debug|x64
		{37AC85A0-6A8D-4131-A676-B07AC60A363C}.Debug|x86.ActiveCfg = Debug|Win32
		{37AC85A0-6A8D-4131-A676-B07AC60A363C}.Debug|x86.Build.0 = Debug|Win32
		{37AC85A0-6A8D-4131-A676-B07AC60A363C}.Release|x64.ActiveCfg = Release|x64
		{37AC85A0-6A8D-4131-A676-B07AC60A363C}.Release|x64.Build.0 = Release|x64
		{37AC85A0-6A8D-4131-A676-B07AC60A363C}.Release|x86.ActiveCfg = Release|Win32
		{37AC85A0-6A8D-4131-A676-B07AC60A363C}.Release|x86.Build.0 = Release|Win32
		{E0B52AE7-E160-4D32-BF3F-910B785E5A8E}.Debug|x64.ActiveCfg = Debug|x64
		{E0B52AE7-E160-4D32-BF3F-910B785E5A8E}.Debug|x64.Build.0 = Debug|x64
		{E0B52AE7-E160-4D32-BF3F-910B785E5A8E}.Debug|x86.ActiveCfg = Debug|Win32
		{E0B52AE7-E160-4D32-BF3F-910B785E5A8E}.Debug|x86.Build.0 = Debug|Win32
		{E0B52AE7-E160-4D32-BF3F-910B785E5A8E}.Release|x64.ActiveCfg = Release|x64
		{E0B52AE7-E160-4D32-BF3F-910B785E5A8E}.Release|x64.Build.0 = Release|x64
		{E0B52AE7-E160-4D32-BF3F-910B785E5A8E}.Release|x86.ActiveCfg = Release|Win32
		{E0B52AE7-E160-4D32-BF3F-910B785E5A8E}.Release|x86.Build.0 = Release|Win32
		{18517A04-DD12-423F-9406-D89B43BBB092}.Debug|x64.ActiveCfg = Debug|x64
		{18517A04-DD12-423F-9406-D89B43BBB092}.Debug|x64.Build.0 = Debug|x64
		{18517A04-DD12-423F-9406-D89B43BBB092}.Debug|x86.ActiveCfg = Debug|Win32
		{18517A04-DD12-423F-9406-D89B43BBB092}.Debug|x86.Build.0 = Debug|Win32
		{18517A04-DD12-423F-9406-D89B43BBB092}.Release|x64.ActiveCfg = Release|x64
		{18517A04-DD12-423F-9406-D89B43BBB092}.Release|x64.Build.0 = Release|x64
		{18517A04-DD12-423F-9406-D89B43BBB092}.Release|x86.ActiveCfg = Release|Win32
		{18517A04-DD12-423F-9406-D89B43BBB092}.Release|x86.Build.0 = Release|Win32
		{75FBBA62-39F5-4DCC-92A1-C75EE73A1F9A}.Debug|x64.ActiveCfg = Debug|x64
		{75FBBA62-39F5-4DCC-92A1-C75EE73A1F9A}.Debug|x64.Build.0 = Debug|x64
		{75FBBA62-39F5-4DCC-92A1-C75EE73A1F9A}.Debug|x86.ActiveCfg = Debug|Win32
		{75FBBA62-39F5-4DCC-92A1-C75EE73A1F9A}.Debug|x86.Build.0 = Debug|Win32
		{75FBBA62-39F5-4DCC-92A1-C75EE73A1F9A}.Release|x64.ActiveCfg = Release|x64
		{75FBBA62-39F5-4DCC-92A1-C75EE73A1F9A}.Release|x64.Build.0 = Release|x64
		{75FBBA62-39F5-4DCC-92A1-C75EE73A1F9A}.Release|x86.ActiveCfg = Release|Win32
		{75FBBA62-39F5-4DCC-92A1-C75EE73A1F9A}.Release|x86.Build.0 = Release|Win32
		{3C71B384-19CF-4BEF-9298-295103BD93B0}.Debug|x64.ActiveCfg = Debug|x64
		{3C71B384-19CF-4BEF-9298-295103BD93B0}.Debug|x64.Build.0 = Debug|x64
		{3C71B384-19CF-4BEF-9298-295103BD93B0}.Debug|x86.ActiveCfg = Debug|Win32
		{3C71B384-19CF-4BEF-9298-295103BD93B0}.Debug|x86.Build.0 = Debug|Win32
		{3C71B384-19CF-4BEF-9298-295103BD93B0}.Release|x64.ActiveCfg = Release|x64
		{3C71B384-19CF-4BEF-9298-295103BD93B0}.Release|x64.Build.0 = Release|x64
		{3C71B384-19CF-4BEF-9298-295103BD93B0}.Release|x86.ActiveCfg = Release|Win32
		{3C71B384-19CF-4BEF-9298-295103BD93B0}.Release|x86.Build.0 = Release|Win32
		{1025970E-93FD-4E62-B206-C07A9F28D8EF}.Debug|x64.ActiveCfg = Debug|x64
		{1025970E-93FD-4E62-B206-C07A9F28D8EF}.Debug|x64.Build.0 = Debug|x64
		{1025970E-93FD-4E62-B206-C07A9F28D8EF}.Debug|x86.ActiveCfg = Debug|Win32
		{1025970E-93FD-4E62-B206-C07A9F28D8EF}.Debug|x86.Build.0 = Debug|Win32
		{1025970E-93FD-4E62-B206-C07A9F28D8EF}.Release|x64.ActiveCfg = Release|x64
		{1025970E-93FD-4E62-B206-C07A9F28D8EF}.Release|x64.Build.0 = Release|x64
		{1025970E-93FD-4E62-B206-C07A9F28D8EF}.Release|x86.ActiveCfg = Release|Win32
		{1025970E-93FD-4E62-B206-C07A9F28D8EF}.Release|x86.Build.0 = Release|Win32
		{1D7FE4F5-84CA-4C60-B1FC-EC52B85A3852}.Debug|x64.ActiveCfg = Debug|x64
		{1D7FE4F5-84CA-4C60-B1FC-EC52B85A3852}.Debug|x64.Build.0 = Debug|x64
		{1D7FE4F5-84CA-4C60-B1FC-EC52B85A3852}.Debug|x86.ActiveCfg = Debug|Win32
		{1D7FE4F5-84CA-4C60-B1FC-EC52B85A3852}.Debug|x86.Build.0 = Debug|Win32
		{1D7FE4F5-84CA-4C60-B1FC-EC52B85A3852}.Release|x64.ActiveCfg = Release|x64
		{1D7FE4F5-84CA-4C60-B1FC-EC52B85A3852}.Release|x64.Build.0 = Release|x64
		{1D7FE4F5-84CA-4C60-B1FC-EC52B85A3852}.Release|x86.ActiveCfg = Release|Win32
		{1D7FE4F5-84CA-4C60-B1FC-EC52B85A3852}.Release|x86.Build.0 = Release|Win32
		{52D656A2-A2F4-4C54-A3C7-653427BED1E8}.Debug|x64.ActiveCfg = Debug|x64
		{52D656A2-A2F4-4C54-A3C7-653427BED1E8}.Debug|x64.Build.0 = Debug|x64
		{52D656A2-A2F4-4C54-A3C7-653427BED1E8}.Debug|x86.ActiveCfg = Debug|Win32
		{52D656A2-A2F4-4C54-A3C7-653427BED1E8}.Debug|x86.Build.0 = Debug|Win32
		{52D656A2-A2F4-4C54-A3C7-653427BED1E8}.Release|x64.ActiveCfg = Release|x64
		{52D656A2-A2F4-4C54-A3C7-653427BED1E8}.Release|x64.Build.0 = Release|x64
		{52D656A2-A2F4-4C54-A3C7-653427BED1E8}.Release|x86.ActiveCfg = Release|Win32
		{52D656A2-A2F4-4C54-A3C7-653427BED1E8}.Release|x86.Build.0 = Release|Win32
		{73DEDAAD-D8E4-4D21-8674-56571646DFE0}.Debug|x64.ActiveCfg = Debug|x64
		{73DEDAAD-D8E4-4D21-8674-56571646DFE0}.Debug|x64.Build.0 = Debug|x64
		{73DEDAAD-D8E4-4D21-8674-56571646DFE0}.Debug|x86.ActiveCfg = Debug|Win32
		{73DEDAAD-D8E4-4D21-8674-56571646DFE0}.Debug|x86.Build.0 = Debug|Win32
		{73DEDAAD-D8E4-4D21-8674-56571646DFE0}.Release|x64.ActiveCfg = Release|x64
		{73DEDAAD-D8E4-4D21-8674-56571646DFE0}.Release|x64.Build.0 = Release|x64
		{73DEDAAD-D8E4-4D21-8674-56571646DFE0}.Release|x86.ActiveCfg = Release|Win32
		{73DEDAAD-D8E4-4D21-8674-56571646DFE0}.Release|x86.Build.0 = Release|Win32
	EndGlobalSection
	GlobalSection(SolutionProperties) = preSolution
		HideSolutionNode = FALSE
	EndGlobalSection
	GlobalSection(NestedProjects) = preSolution
		{69B942B7-7E71-4AA0-AFEE-737DAA4FC94C} = {0DC2D5BC-2DE4-430F-B436-EC750B5FA6C2}
		{53CB3A61-7D2C-4BE6-8BF5-C35DA284C1D5} = {39C8D546-457F-456D-B85F-FB93347AF03F}
		{9CA5DDC4-A216-4BAF-AD42-9EBD75C1CF62} = {9990BCC5-B531-4516-89F2-9A82696BED8E}
		{3629F01A-6FED-42EB-B308-E9F7F1346EAF} = {39C8D546-457F-456D-B85F-FB93347AF03F}
		{37AC85A0-6A8D-4131-A676-B07AC60A363C} = {39C8D546-457F-456D-B85F-FB93347AF03F}
		{E0B52AE7-E160-4D32-BF3F-910B785E5A8E} = {876B5A45-6353-49F1-8A6D-7AAFD10708C7}
		{18517A04-DD12-423F-9406-D89B43BBB092} = {39C8D546-457F-456D-B85F-FB93347AF03F}
		{75FBBA62-39F5-4DCC-92A1-C75EE73A1F9A} = {9990BCC5-B531-4516-89F2-9A82696BED8E}
		{17D74C8F-41E4-41F0-A3D6-ACC67C4BA4FC} = {E35E8C04-4AFC-4753-B69B-67830A80B0D1}
		{3C71B384-19CF-4BEF-9298-295103BD93B0} = {9990BCC5-B531-4516-89F2-9A82696BED8E}
		{1025970E-93FD-4E62-B206-C07A9F28D8EF} = {9990BCC5-B531-4516-89F2-9A82696BED8E}
		{1D7FE4F5-84CA-4C60-B1FC-EC52B85A3852} = {9990BCC5-B531-4516-89F2-9A82696BED8E}
		{52D656A2-A2F4-4C54-A3C7-653427BED1E8} = {876B5A45-6353-49F1-8A6D-7AAFD10708C7}
		{73DEDAAD-D8E4-4D21-8674-56571646DFE0} = {9990BCC5-B531-4516-89F2-9A82696BED8E}
	EndGlobalSection
EndGlobal
